
Microsoft Visual Studio Solution File, Format Version 12.00
# Visual Studio Version 16
VisualStudioVersion = 16.0.31019.35
MinimumVisualStudioVersion = 10.0.40219.1
Project("{FAE04EC0-301F-11D3-BF4B-00C04F79EFBC}") = "RotatorSample.UWP", "RotatorSample\RotatorSample.UWP\RotatorSample.UWP.csproj", "{114ED58E-C32E-4EBF-A0C1-159723021DAD}"
EndProject
Project("{FAE04EC0-301F-11D3-BF4B-00C04F79EFBC}") = "RotatorSample.Android", "RotatorSample\RotatorSample.Android\RotatorSample.Android.csproj", "{9EDC33A7-94F3-4E43-9E0B-E41A1077FC7D}"
EndProject
Project("{FAE04EC0-301F-11D3-BF4B-00C04F79EFBC}") = "RotatorSample.iOS", "RotatorSample\RotatorSample.iOS\RotatorSample.iOS.csproj", "{72AF4514-1454-4C2B-9359-BA38D1C06B7E}"
EndProject
Project("{FAE04EC0-301F-11D3-BF4B-00C04F79EFBC}") = "RotatorSample", "RotatorSample\RotatorSample\RotatorSample.csproj", "{DB4A26BD-83DC-416C-AA6A-14468211BDF2}"
EndProject
Global
	GlobalSection(SolutionConfigurationPlatforms) = preSolution
		Debug|Any CPU = Debug|Any CPU
		Debug|ARM = Debug|ARM
		Debug|iPhone = Debug|iPhone
		Debug|iPhoneSimulator = Debug|iPhoneSimulator
		Debug|x64 = Debug|x64
		Debug|x86 = Debug|x86
		Release|Any CPU = Release|Any CPU
		Release|ARM = Release|ARM
		Release|iPhone = Release|iPhone
		Release|iPhoneSimulator = Release|iPhoneSimulator
		Release|x64 = Release|x64
		Release|x86 = Release|x86
	EndGlobalSection
	GlobalSection(ProjectConfigurationPlatforms) = postSolution
		{114ED58E-C32E-4EBF-A0C1-159723021DAD}.Debug|Any CPU.ActiveCfg = Debug|x86
		{114ED58E-C32E-4EBF-A0C1-159723021DAD}.Debug|Any CPU.Build.0 = Debug|x86
		{114ED58E-C32E-4EBF-A0C1-159723021DAD}.Debug|Any CPU.Deploy.0 = Debug|x86
		{114ED58E-C32E-4EBF-A0C1-159723021DAD}.Debug|ARM.ActiveCfg = Debug|ARM
		{114ED58E-C32E-4EBF-A0C1-159723021DAD}.Debug|ARM.Build.0 = Debug|ARM
		{114ED58E-C32E-4EBF-A0C1-159723021DAD}.Debug|ARM.Deploy.0 = Debug|ARM
		{114ED58E-C32E-4EBF-A0C1-159723021DAD}.Debug|iPhone.ActiveCfg = Debug|x86
		{114ED58E-C32E-4EBF-A0C1-159723021DAD}.Debug|iPhone.Build.0 = Debug|x86
		{114ED58E-C32E-4EBF-A0C1-159723021DAD}.Debug|iPhone.Deploy.0 = Debug|x86
		{114ED58E-C32E-4EBF-A0C1-159723021DAD}.Debug|iPhoneSimulator.ActiveCfg = Debug|x86
		{114ED58E-C32E-4EBF-A0C1-159723021DAD}.Debug|iPhoneSimulator.Build.0 = Debug|x86
		{114ED58E-C32E-4EBF-A0C1-159723021DAD}.Debug|iPhoneSimulator.Deploy.0 = Debug|x86
		{114ED58E-C32E-4EBF-A0C1-159723021DAD}.Debug|x64.ActiveCfg = Debug|x64
		{114ED58E-C32E-4EBF-A0C1-159723021DAD}.Debug|x64.Build.0 = Debug|x64
		{114ED58E-C32E-4EBF-A0C1-159723021DAD}.Debug|x64.Deploy.0 = Debug|x64
		{114ED58E-C32E-4EBF-A0C1-159723021DAD}.Debug|x86.ActiveCfg = Debug|x86
		{114ED58E-C32E-4EBF-A0C1-159723021DAD}.Debug|x86.Build.0 = Debug|x86
		{114ED58E-C32E-4EBF-A0C1-159723021DAD}.Debug|x86.Deploy.0 = Debug|x86
		{114ED58E-C32E-4EBF-A0C1-159723021DAD}.Release|Any CPU.ActiveCfg = Release|x86
		{114ED58E-C32E-4EBF-A0C1-159723021DAD}.Release|Any CPU.Build.0 = Release|x86
		{114ED58E-C32E-4EBF-A0C1-159723021DAD}.Release|Any CPU.Deploy.0 = Release|x86
		{114ED58E-C32E-4EBF-A0C1-159723021DAD}.Release|ARM.ActiveCfg = Release|ARM
		{114ED58E-C32E-4EBF-A0C1-159723021DAD}.Release|ARM.Build.0 = Release|ARM
		{114ED58E-C32E-4EBF-A0C1-159723021DAD}.Release|ARM.Deploy.0 = Release|ARM
		{114ED58E-C32E-4EBF-A0C1-159723021DAD}.Release|iPhone.ActiveCfg = Release|x86
		{114ED58E-C32E-4EBF-A0C1-159723021DAD}.Release|iPhone.Build.0 = Release|x86
		{114ED58E-C32E-4EBF-A0C1-159723021DAD}.Release|iPhone.Deploy.0 = Release|x86
		{114ED58E-C32E-4EBF-A0C1-159723021DAD}.Release|iPhoneSimulator.ActiveCfg = Release|x86
		{114ED58E-C32E-4EBF-A0C1-159723021DAD}.Release|iPhoneSimulator.Build.0 = Release|x86
		{114ED58E-C32E-4EBF-A0C1-159723021DAD}.Release|iPhoneSimulator.Deploy.0 = Release|x86
		{114ED58E-C32E-4EBF-A0C1-159723021DAD}.Release|x64.ActiveCfg = Release|x64
		{114ED58E-C32E-4EBF-A0C1-159723021DAD}.Release|x64.Build.0 = Release|x64
		{114ED58E-C32E-4EBF-A0C1-159723021DAD}.Release|x64.Deploy.0 = Release|x64
		{114ED58E-C32E-4EBF-A0C1-159723021DAD}.Release|x86.ActiveCfg = Release|x86
		{114ED58E-C32E-4EBF-A0C1-159723021DAD}.Release|x86.Build.0 = Release|x86
		{114ED58E-C32E-4EBF-A0C1-159723021DAD}.Release|x86.Deploy.0 = Release|x86
		{9EDC33A7-94F3-4E43-9E0B-E41A1077FC7D}.Debug|Any CPU.ActiveCfg = Debug|Any CPU
		{9EDC33A7-94F3-4E43-9E0B-E41A1077FC7D}.Debug|Any CPU.Build.0 = Debug|Any CPU
		{9EDC33A7-94F3-4E43-9E0B-E41A1077FC7D}.Debug|Any CPU.Deploy.0 = Debug|Any CPU
		{9EDC33A7-94F3-4E43-9E0B-E41A1077FC7D}.Debug|ARM.ActiveCfg = Debug|Any CPU
		{9EDC33A7-94F3-4E43-9E0B-E41A1077FC7D}.Debug|ARM.Build.0 = Debug|Any CPU
		{9EDC33A7-94F3-4E43-9E0B-E41A1077FC7D}.Debug|ARM.Deploy.0 = Debug|Any CPU
		{9EDC33A7-94F3-4E43-9E0B-E41A1077FC7D}.Debug|iPhone.ActiveCfg = Debug|Any CPU
		{9EDC33A7-94F3-4E43-9E0B-E41A1077FC7D}.Debug|iPhone.Build.0 = Debug|Any CPU
		{9EDC33A7-94F3-4E43-9E0B-E41A1077FC7D}.Debug|iPhone.Deploy.0 = Debug|Any CPU
		{9EDC33A7-94F3-4E43-9E0B-E41A1077FC7D}.Debug|iPhoneSimulator.ActiveCfg = Debug|Any CPU
		{9EDC33A7-94F3-4E43-9E0B-E41A1077FC7D}.Debug|iPhoneSimulator.Build.0 = Debug|Any CPU
		{9EDC33A7-94F3-4E43-9E0B-E41A1077FC7D}.Debug|iPhoneSimulator.Deploy.0 = Debug|Any CPU
		{9EDC33A7-94F3-4E43-9E0B-E41A1077FC7D}.Debug|x64.ActiveCfg = Debug|Any CPU
		{9EDC33A7-94F3-4E43-9E0B-E41A1077FC7D}.Debug|x64.Build.0 = Debug|Any CPU
		{9EDC33A7-94F3-4E43-9E0B-E41A1077FC7D}.Debug|x64.Deploy.0 = Debug|Any CPU
		{9EDC33A7-94F3-4E43-9E0B-E41A1077FC7D}.Debug|x86.ActiveCfg = Debug|Any CPU
		{9EDC33A7-94F3-4E43-9E0B-E41A1077FC7D}.Debug|x86.Build.0 = Debug|Any CPU
		{9EDC33A7-94F3-4E43-9E0B-E41A1077FC7D}.Debug|x86.Deploy.0 = Debug|Any CPU
		{9EDC33A7-94F3-4E43-9E0B-E41A1077FC7D}.Release|Any CPU.ActiveCfg = Release|Any CPU
		{9EDC33A7-94F3-4E43-9E0B-E41A1077FC7D}.Release|Any CPU.Build.0 = Release|Any CPU
		{9EDC33A7-94F3-4E43-9E0B-E41A1077FC7D}.Release|Any CPU.Deploy.0 = Release|Any CPU
		{9EDC33A7-94F3-4E43-9E0B-E41A1077FC7D}.Release|ARM.ActiveCfg = Release|Any CPU
		{9EDC33A7-94F3-4E43-9E0B-E41A1077FC7D}.Release|ARM.Build.0 = Release|Any CPU
		{9EDC33A7-94F3-4E43-9E0B-E41A1077FC7D}.Release|ARM.Deploy.0 = Release|Any CPU
		{9EDC33A7-94F3-4E43-9E0B-E41A1077FC7D}.Release|iPhone.ActiveCfg = Release|Any CPU
		{9EDC33A7-94F3-4E43-9E0B-E41A1077FC7D}.Release|iPhone.Build.0 = Release|Any CPU
		{9EDC33A7-94F3-4E43-9E0B-E41A1077FC7D}.Release|iPhone.Deploy.0 = Release|Any CPU
		{9EDC33A7-94F3-4E43-9E0B-E41A1077FC7D}.Release|iPhoneSimulator.ActiveCfg = Release|Any CPU
		{9EDC33A7-94F3-4E43-9E0B-E41A1077FC7D}.Release|iPhoneSimulator.Build.0 = Release|Any CPU
		{9EDC33A7-94F3-4E43-9E0B-E41A1077FC7D}.Release|iPhoneSimulator.Deploy.0 = Release|Any CPU
		{9EDC33A7-94F3-4E43-9E0B-E41A1077FC7D}.Release|x64.ActiveCfg = Release|Any CPU
		{9EDC33A7-94F3-4E43-9E0B-E41A1077FC7D}.Release|x64.Build.0 = Release|Any CPU
		{9EDC33A7-94F3-4E43-9E0B-E41A1077FC7D}.Release|x64.Deploy.0 = Release|Any CPU
		{9EDC33A7-94F3-4E43-9E0B-E41A1077FC7D}.Release|x86.ActiveCfg = Release|Any CPU
		{9EDC33A7-94F3-4E43-9E0B-E41A1077FC7D}.Release|x86.Build.0 = Release|Any CPU
		{9EDC33A7-94F3-4E43-9E0B-E41A1077FC7D}.Release|x86.Deploy.0 = Release|Any CPU
		{72AF4514-1454-4C2B-9359-BA38D1C06B7E}.Debug|Any CPU.ActiveCfg = Debug|iPhoneSimulator
		{72AF4514-1454-4C2B-9359-BA38D1C06B7E}.Debug|Any CPU.Build.0 = Debug|iPhoneSimulator
		{72AF4514-1454-4C2B-9359-BA38D1C06B7E}.Debug|Any CPU.Deploy.0 = Debug|iPhoneSimulator
		{72AF4514-1454-4C2B-9359-BA38D1C06B7E}.Debug|ARM.ActiveCfg = Debug|iPhone
		{72AF4514-1454-4C2B-9359-BA38D1C06B7E}.Debug|ARM.Build.0 = Debug|iPhone
		{72AF4514-1454-4C2B-9359-BA38D1C06B7E}.Debug|ARM.Deploy.0 = Debug|iPhone
		{72AF4514-1454-4C2B-9359-BA38D1C06B7E}.Debug|iPhone.ActiveCfg = Debug|iPhone
		{72AF4514-1454-4C2B-9359-BA38D1C06B7E}.Debug|iPhone.Build.0 = Debug|iPhone
		{72AF4514-1454-4C2B-9359-BA38D1C06B7E}.Debug|iPhone.Deploy.0 = Debug|iPhone
		{72AF4514-1454-4C2B-9359-BA38D1C06B7E}.Debug|iPhoneSimulator.ActiveCfg = Debug|iPhoneSimulator
		{72AF4514-1454-4C2B-9359-BA38D1C06B7E}.Debug|iPhoneSimulator.Build.0 = Debug|iPhoneSimulator
		{72AF4514-1454-4C2B-9359-BA38D1C06B7E}.Debug|iPhoneSimulator.Deploy.0 = Debug|iPhoneSimulator
		{72AF4514-1454-4C2B-9359-BA38D1C06B7E}.Debug|x64.ActiveCfg = Debug|iPhoneSimulator
		{72AF4514-1454-4C2B-9359-BA38D1C06B7E}.Debug|x64.Build.0 = Debug|iPhoneSimulator
		{72AF4514-1454-4C2B-9359-BA38D1C06B7E}.Debug|x64.Deploy.0 = Debug|iPhoneSimulator
		{72AF4514-1454-4C2B-9359-BA38D1C06B7E}.Debug|x86.ActiveCfg = Debug|iPhoneSimulator
		{72AF4514-1454-4C2B-9359-BA38D1C06B7E}.Debug|x86.Build.0 = Debug|iPhoneSimulator
		{72AF4514-1454-4C2B-9359-BA38D1C06B7E}.Debug|x86.Deploy.0 = Debug|iPhoneSimulator
		{72AF4514-1454-4C2B-9359-BA38D1C06B7E}.Release|Any CPU.ActiveCfg = Release|iPhoneSimulator
		{72AF4514-1454-4C2B-9359-BA38D1C06B7E}.Release|Any CPU.Build.0 = Release|iPhoneSimulator
		{72AF4514-1454-4C2B-9359-BA38D1C06B7E}.Release|Any CPU.Deploy.0 = Release|iPhoneSimulator
		{72AF4514-1454-4C2B-9359-BA38D1C06B7E}.Release|ARM.ActiveCfg = Release|iPhoneSimulator
		{72AF4514-1454-4C2B-9359-BA38D1C06B7E}.Release|ARM.Build.0 = Release|iPhoneSimulator
		{72AF4514-1454-4C2B-9359-BA38D1C06B7E}.Release|ARM.Deploy.0 = Release|iPhoneSimulator
		{72AF4514-1454-4C2B-9359-BA38D1C06B7E}.Release|iPhone.ActiveCfg = Release|iPhone
		{72AF4514-1454-4C2B-9359-BA38D1C06B7E}.Release|iPhone.Build.0 = Release|iPhone
		{72AF4514-1454-4C2B-9359-BA38D1C06B7E}.Release|iPhone.Deploy.0 = Release|iPhone
		{72AF4514-1454-4C2B-9359-BA38D1C06B7E}.Release|iPhoneSimulator.ActiveCfg = Release|iPhoneSimulator
		{72AF4514-1454-4C2B-9359-BA38D1C06B7E}.Release|iPhoneSimulator.Build.0 = Release|iPhoneSimulator
		{72AF4514-1454-4C2B-9359-BA38D1C06B7E}.Release|iPhoneSimulator.Deploy.0 = Release|iPhoneSimulator
		{72AF4514-1454-4C2B-9359-BA38D1C06B7E}.Release|x64.ActiveCfg = Release|iPhoneSimulator
		{72AF4514-1454-4C2B-9359-BA38D1C06B7E}.Release|x64.Build.0 = Release|iPhoneSimulator
		{72AF4514-1454-4C2B-9359-BA38D1C06B7E}.Release|x64.Deploy.0 = Release|iPhoneSimulator
		{72AF4514-1454-4C2B-9359-BA38D1C06B7E}.Release|x86.ActiveCfg = Release|iPhoneSimulator
		{72AF4514-1454-4C2B-9359-BA38D1C06B7E}.Release|x86.Build.0 = Release|iPhoneSimulator
		{72AF4514-1454-4C2B-9359-BA38D1C06B7E}.Release|x86.Deploy.0 = Release|iPhoneSimulator
		{DB4A26BD-83DC-416C-AA6A-14468211BDF2}.Debug|Any CPU.ActiveCfg = Debug|Any CPU
		{DB4A26BD-83DC-416C-AA6A-14468211BDF2}.Debug|Any CPU.Build.0 = Debug|Any CPU
		{DB4A26BD-83DC-416C-AA6A-14468211BDF2}.Debug|Any CPU.Deploy.0 = Debug|Any CPU
		{DB4A26BD-83DC-416C-AA6A-14468211BDF2}.Debug|ARM.ActiveCfg = Debug|Any CPU
		{DB4A26BD-83DC-416C-AA6A-14468211BDF2}.Debug|ARM.Build.0 = Debug|Any CPU
		{DB4A26BD-83DC-416C-AA6A-14468211BDF2}.Debug|ARM.Deploy.0 = Debug|Any CPU
		{DB4A26BD-83DC-416C-AA6A-14468211BDF2}.Debug|iPhone.ActiveCfg = Debug|Any CPU
		{DB4A26BD-83DC-416C-AA6A-14468211BDF2}.Debug|iPhone.Build.0 = Debug|Any CPU
		{DB4A26BD-83DC-416C-AA6A-14468211BDF2}.Debug|iPhone.Deploy.0 = Debug|Any CPU
		{DB4A26BD-83DC-416C-AA6A-14468211BDF2}.Debug|iPhoneSimulator.ActiveCfg = Debug|Any CPU
		{DB4A26BD-83DC-416C-AA6A-14468211BDF2}.Debug|iPhoneSimulator.Build.0 = Debug|Any CPU
		{DB4A26BD-83DC-416C-AA6A-14468211BDF2}.Debug|iPhoneSimulator.Deploy.0 = Debug|Any CPU
		{DB4A26BD-83DC-416C-AA6A-14468211BDF2}.Debug|x64.ActiveCfg = Debug|Any CPU
		{DB4A26BD-83DC-416C-AA6A-14468211BDF2}.Debug|x64.Build.0 = Debug|Any CPU
		{DB4A26BD-83DC-416C-AA6A-14468211BDF2}.Debug|x64.Deploy.0 = Debug|Any CPU
		{DB4A26BD-83DC-416C-AA6A-14468211BDF2}.Debug|x86.ActiveCfg = Debug|Any CPU
		{DB4A26BD-83DC-416C-AA6A-14468211BDF2}.Debug|x86.Build.0 = Debug|Any CPU
		{DB4A26BD-83DC-416C-AA6A-14468211BDF2}.Debug|x86.Deploy.0 = Debug|Any CPU
		{DB4A26BD-83DC-416C-AA6A-14468211BDF2}.Release|Any CPU.ActiveCfg = Release|Any CPU
		{DB4A26BD-83DC-416C-AA6A-14468211BDF2}.Release|Any CPU.Build.0 = Release|Any CPU
		{DB4A26BD-83DC-416C-AA6A-14468211BDF2}.Release|Any CPU.Deploy.0 = Release|Any CPU
		{DB4A26BD-83DC-416C-AA6A-14468211BDF2}.Release|ARM.ActiveCfg = Release|Any CPU
		{DB4A26BD-83DC-416C-AA6A-14468211BDF2}.Release|ARM.Build.0 = Release|Any CPU
		{DB4A26BD-83DC-416C-AA6A-14468211BDF2}.Release|ARM.Deploy.0 = Release|Any CPU
		{DB4A26BD-83DC-416C-AA6A-14468211BDF2}.Release|iPhone.ActiveCfg = Release|Any CPU
		{DB4A26BD-83DC-416C-AA6A-14468211BDF2}.Release|iPhone.Build.0 = Release|Any CPU
		{DB4A26BD-83DC-416C-AA6A-14468211BDF2}.Release|iPhone.Deploy.0 = Release|Any CPU
		{DB4A26BD-83DC-416C-AA6A-14468211BDF2}.Release|iPhoneSimulator.ActiveCfg = Release|Any CPU
		{DB4A26BD-83DC-416C-AA6A-14468211BDF2}.Release|iPhoneSimulator.Build.0 = Release|Any CPU
		{DB4A26BD-83DC-416C-AA6A-14468211BDF2}.Release|iPhoneSimulator.Deploy.0 = Release|Any CPU
		{DB4A26BD-83DC-416C-AA6A-14468211BDF2}.Release|x64.ActiveCfg = Release|Any CPU
		{DB4A26BD-83DC-416C-AA6A-14468211BDF2}.Release|x64.Build.0 = Release|Any CPU
		{DB4A26BD-83DC-416C-AA6A-14468211BDF2}.Release|x64.Deploy.0 = Release|Any CPU
		{DB4A26BD-83DC-416C-AA6A-14468211BDF2}.Release|x86.ActiveCfg = Release|Any CPU
		{DB4A26BD-83DC-416C-AA6A-14468211BDF2}.Release|x86.Build.0 = Release|Any CPU
		{DB4A26BD-83DC-416C-AA6A-14468211BDF2}.Release|x86.Deploy.0 = Release|Any CPU
	EndGlobalSection
	GlobalSection(SolutionProperties) = preSolution
		HideSolutionNode = FALSE
	EndGlobalSection
	GlobalSection(ExtensibilityGlobals) = postSolution
		SolutionGuid = {311E36AF-F890-49B0-993F-C9EF58BF47B1}
	EndGlobalSection
EndGlobal
